
Microsoft Visual Studio Solution File, Format Version 12.00
# Visual Studio Version 17
VisualStudioVersion = 17.6.33723.286
MinimumVisualStudioVersion = 10.0.40219.1
Project("{FAE04EC0-301F-11D3-BF4B-00C04F79EFBC}") = "MagicVilla_VillaAPI", "MagicVilla_VillaAPI\MagicVilla_VillaAPI.csproj", "{1FB11B77-4CFC-403D-B9B9-E4D327B65435}"
EndProject
Global
	GlobalSection(SolutionConfigurationPlatforms) = preSolution
		Debug|Any CPU = Debug|Any CPU
		Release|Any CPU = Release|Any CPU
	EndGlobalSection
	GlobalSection(ProjectConfigurationPlatforms) = postSolution
		{1FB11B77-4CFC-403D-B9B9-E4D327B65435}.Debug|Any CPU.ActiveCfg = Debug|Any CPU
		{1FB11B77-4CFC-403D-B9B9-E4D327B65435}.Debug|Any CPU.Build.0 = Debug|Any CPU
		{1FB11B77-4CFC-403D-B9B9-E4D327B65435}.Release|Any CPU.ActiveCfg = Release|Any CPU
		{1FB11B77-4CFC-403D-B9B9-E4D327B65435}.Release|Any CPU.Build.0 = Release|Any CPU
	EndGlobalSection
	GlobalSection(SolutionProperties) = preSolution
		HideSolutionNode = FALSE
	EndGlobalSection
	GlobalSection(ExtensibilityGlobals) = postSolution
		SolutionGuid = {282B5406-FF5C-443E-B489-7A74ED6CE916}
	EndGlobalSection
EndGlobal
